
Microsoft Visual Studio Solution File, Format Version 10.00
# Visual Studio 2008
Project("{8BC9CEB8-8B4A-11D0-8D11-00A0C91BC942}") = "fxgdiplus", "fxgdiplus.vcproj", "{0C562A1A-968A-4B15-9759-0D69B87C9400}"
EndProject
Global
	GlobalSection(SolutionConfigurationPlatforms) = preSolution
		Debug|Win32 = Debug|Win32
		Release|Win32 = Release|Win32
	EndGlobalSection
	GlobalSection(ProjectConfigurationPlatforms) = postSolution
		{0C562A1A-968A-4B15-9759-0D69B87C9400}.Debug|Win32.ActiveCfg = Debug|Win32
		{0C562A1A-968A-4B15-9759-0D69B87C9400}.Debug|Win32.Build.0 = Debug|Win32
		{0C562A1A-968A-4B15-9759-0D69B87C9400}.Release|Win32.ActiveCfg = Release|Win32
		{0C562A1A-968A-4B15-9759-0D69B87C9400}.Release|Win32.Build.0 = Release|Win32
	EndGlobalSection
	GlobalSection(SolutionProperties) = preSolution
		HideSolutionNode = FALSE
	EndGlobalSection
EndGlobal
