	<Project xmlns="http://schemas.microsoft.com/developer/msbuild/2003">
		<PropertyGroup>
			<ProjectGuid>{8eae79f0-88bf-4096-94bb-9a2af5db5cd6}</ProjectGuid>
			<MainSource>fxmain.dpr</MainSource>
			<Configuration Condition=" '$(Configuration)' == '' ">Release</Configuration>
			<Platform Condition=" '$(Platform)' == '' ">AnyCPU</Platform>
			<DCC_DCCCompiler>DCC32</DCC_DCCCompiler>
			<DCC_DependencyCheckOutputName>..\..\..\Bin\fxmain.dll</DCC_DependencyCheckOutputName>
			<ProjectVersion>12.0</ProjectVersion>
			<Config Condition="'$(Config)'==''">Release</Config>
		</PropertyGroup>
		<PropertyGroup Condition="'$(Config)'=='Base' or '$(Base)'!=''">
			<Base>true</Base>
		</PropertyGroup>
		<PropertyGroup Condition="'$(Config)'=='Release' or '$(Cfg_1)'!=''">
			<Cfg_1>true</Cfg_1>
			<CfgParent>Base</CfgParent>
			<Base>true</Base>
		</PropertyGroup>
		<PropertyGroup Condition="'$(Config)'=='Debug' or '$(Cfg_2)'!=''">
			<Cfg_2>true</Cfg_2>
			<CfgParent>Base</CfgParent>
			<Base>true</Base>
		</PropertyGroup>
		<PropertyGroup Condition="'$(Base)'!=''">
			<DCC_HppOutput>$(FXIMAGER)\Source\Trash</DCC_HppOutput>
			<DCC_ObjOutput>$(FXIMAGER)\Source\Trash</DCC_ObjOutput>
			<DCC_UnitSearchPath>$(FXIMAGER)\Source\Shared;$(FXSHARED)\ImageEn;$(DCC_UnitSearchPath)</DCC_UnitSearchPath>
			<DCC_DcuOutput>$(FXIMAGER)\Source\Trash</DCC_DcuOutput>
			<DCC_ExeOutput>$(FXIMAGER)\Bin</DCC_ExeOutput>
			<DCC_DependencyCheckOutputName>..\..\..\Bin\fxmain.dll</DCC_DependencyCheckOutputName>
			<DCC_UsePackage>fxcore</DCC_UsePackage>
			<GenDll>true</GenDll>
		</PropertyGroup>
		<PropertyGroup Condition="'$(Cfg_1)'!=''">
			<Version>7.0</Version>
			<DCC_AssertionsAtRuntime>False</DCC_AssertionsAtRuntime>
			<DCC_DebugInformation>False</DCC_DebugInformation>
			<DCC_LocalDebugSymbols>False</DCC_LocalDebugSymbols>
			<DCC_SymbolReferenceInfo>0</DCC_SymbolReferenceInfo>
			<DCC_Define>RELEASE;$(DCC_Define)</DCC_Define>
			<DCC_SYMBOL_PLATFORM>False</DCC_SYMBOL_PLATFORM>
			<DCC_UNIT_PLATFORM>False</DCC_UNIT_PLATFORM>
			<DCC_ImageBase>1600000</DCC_ImageBase>
			<DCC_ResourcePath>$(FXIMAGER)\Source\Shared;$(FXSHARED)\ImageEn;$(DCC_ResourcePath)</DCC_ResourcePath>
			<DCC_ObjPath>$(FXIMAGER)\Source\Shared;$(FXSHARED)\ImageEn;$(DCC_ObjPath)</DCC_ObjPath>
			<DCC_IncludePath>$(FXIMAGER)\Source\Shared;$(FXSHARED)\ImageEn;$(DCC_IncludePath)</DCC_IncludePath>
		</PropertyGroup>
		<PropertyGroup Condition="'$(Cfg_2)'!=''">
			<Version>7.0</Version>
			<DCC_AssertionsAtRuntime>False</DCC_AssertionsAtRuntime>
			<DCC_SymbolReferenceInfo>2</DCC_SymbolReferenceInfo>
			<DCC_Define>DEBUG;$(DCC_Define)</DCC_Define>
			<DCC_SYMBOL_PLATFORM>False</DCC_SYMBOL_PLATFORM>
			<DCC_UNIT_PLATFORM>False</DCC_UNIT_PLATFORM>
			<DCC_ResourcePath>.\;$(FXIMAGER)\src\shared;$(FXSHARED)\Includes;$(DCC_ResourcePath)</DCC_ResourcePath>
			<DCC_ObjPath>.\;$(FXIMAGER)\src\shared;$(FXSHARED)\Includes;$(DCC_ObjPath)</DCC_ObjPath>
			<DCC_IncludePath>.\;$(FXIMAGER)\src\shared;$(FXSHARED)\Includes;$(DCC_IncludePath)</DCC_IncludePath>
			<DCC_ImageBase>1600000</DCC_ImageBase>
		</PropertyGroup>
		<ProjectExtensions>
			<Borland.Personality>Delphi.Personality.12</Borland.Personality>
			<Borland.ProjectType>VCLApplication</Borland.ProjectType>
			<BorlandProject>
				<Delphi.Personality>
					<Parameters>
						<Parameters Name="UseLauncher">False</Parameters>
						<Parameters Name="LoadAllSymbols">True</Parameters>
						<Parameters Name="LoadUnspecifiedSymbols">False</Parameters>
					</Parameters>
					<VersionInfo>
						<VersionInfo Name="IncludeVerInfo">True</VersionInfo>
						<VersionInfo Name="AutoIncBuild">True</VersionInfo>
						<VersionInfo Name="MajorVer">6</VersionInfo>
						<VersionInfo Name="MinorVer">0</VersionInfo>
						<VersionInfo Name="Release">0</VersionInfo>
						<VersionInfo Name="Build">199</VersionInfo>
						<VersionInfo Name="Debug">False</VersionInfo>
						<VersionInfo Name="PreRelease">False</VersionInfo>
						<VersionInfo Name="Special">False</VersionInfo>
						<VersionInfo Name="Private">False</VersionInfo>
						<VersionInfo Name="DLL">True</VersionInfo>
						<VersionInfo Name="Locale">2057</VersionInfo>
						<VersionInfo Name="CodePage">1252</VersionInfo>
					</VersionInfo>
					<VersionInfoKeys>
						<VersionInfoKeys Name="CompanyName">Alexander Tereshchenko</VersionInfoKeys>
						<VersionInfoKeys Name="FileDescription">FuturixImager Main Plug-in</VersionInfoKeys>
						<VersionInfoKeys Name="FileVersion">6.0.0.199</VersionInfoKeys>
						<VersionInfoKeys Name="InternalName">futuriximager_wrapper_plugin</VersionInfoKeys>
						<VersionInfoKeys Name="LegalCopyright">© 1999-2009 Alexander Tereshchenko</VersionInfoKeys>
						<VersionInfoKeys Name="LegalTrademarks"/>
						<VersionInfoKeys Name="OriginalFilename">fxmain.dll</VersionInfoKeys>
						<VersionInfoKeys Name="ProductName">FuturixImager</VersionInfoKeys>
						<VersionInfoKeys Name="ProductVersion">6.0</VersionInfoKeys>
						<VersionInfoKeys Name="Comments">http://fximage.com/</VersionInfoKeys>
					</VersionInfoKeys>
					<Source>
						<Source Name="MainSource">fxmain.dpr</Source>
					</Source>
				</Delphi.Personality>
			</BorlandProject>
			<ProjectFileVersion>12</ProjectFileVersion>
		</ProjectExtensions>
		<ItemGroup>
			<DelphiCompile Include="fxmain.dpr">
				<MainSource>MainSource</MainSource>
			</DelphiCompile>
			<DCCReference Include="JPEG2Ksave.pas">
				<Form>frmJPsave</Form>
			</DCCReference>
			<DCCReference Include="TIFFsave.pas">
				<Form>frmTIFFsave</Form>
			</DCCReference>
			<DCCReference Include="JPEGsave.pas">
				<Form>frmJPEGsave</Form>
			</DCCReference>
			<DCCReference Include="ScanOptions.pas">
				<Form>frmScanOpt</Form>
			</DCCReference>
			<DCCReference Include="XRsave.pas">
				<Form>frmXRsave</Form>
			</DCCReference>
			<DCCReference Include="fx_definitions.pas"/>
			<BuildConfiguration Include="Base">
				<Key>Base</Key>
			</BuildConfiguration>
			<BuildConfiguration Include="Debug">
				<Key>Cfg_2</Key>
				<CfgParent>Base</CfgParent>
			</BuildConfiguration>
			<BuildConfiguration Include="Release">
				<Key>Cfg_1</Key>
				<CfgParent>Base</CfgParent>
			</BuildConfiguration>
		</ItemGroup>
		<Import Project="$(BDS)\Bin\CodeGear.Delphi.Targets" Condition="Exists('$(BDS)\Bin\CodeGear.Delphi.Targets')"/>
	</Project>
